
Microsoft Visual Studio Solution File, Format Version 12.00
# Visual Studio Version 17
VisualStudioVersion = 17.4.33213.308
MinimumVisualStudioVersion = 10.0.40219.1
Project("{FAE04EC0-301F-11D3-BF4B-00C04F79EFBC}") = "TechnicalScreeningIA", "TechnicalScreeningIA.csproj", "{4280B8BF-4746-472F-AFE9-1E4A3C9FEBA2}"
EndProject
Global
	GlobalSection(SolutionConfigurationPlatforms) = preSolution
		Debug|Any CPU = Debug|Any CPU
		Release|Any CPU = Release|Any CPU
	EndGlobalSection
	GlobalSection(ProjectConfigurationPlatforms) = postSolution
		{4280B8BF-4746-472F-AFE9-1E4A3C9FEBA2}.Debug|Any CPU.ActiveCfg = Debug|Any CPU
		{4280B8BF-4746-472F-AFE9-1E4A3C9FEBA2}.Debug|Any CPU.Build.0 = Debug|Any CPU
		{4280B8BF-4746-472F-AFE9-1E4A3C9FEBA2}.Release|Any CPU.ActiveCfg = Release|Any CPU
		{4280B8BF-4746-472F-AFE9-1E4A3C9FEBA2}.Release|Any CPU.Build.0 = Release|Any CPU
	EndGlobalSection
	GlobalSection(SolutionProperties) = preSolution
		HideSolutionNode = FALSE
	EndGlobalSection
	GlobalSection(ExtensibilityGlobals) = postSolution
		SolutionGuid = {B4BDAE2C-9715-4477-9CE2-24E4212D0D62}
	EndGlobalSection
EndGlobal
